
Microsoft Visual Studio Solution File, Format Version 12.00
# Visual Studio Version 17
VisualStudioVersion = 17.14.36327.8 d17.14
MinimumVisualStudioVersion = 10.0.40219.1
Project("{FAE04EC0-301F-11D3-BF4B-00C04F79EFBC}") = "FASE II DAS Gestion de expedientes CRUD", "FASE II DAS Gestion de expedientes CRUD\FASE II DAS Gestion de expedientes CRUD.csproj", "{70F5326C-0B01-4E35-8AE8-FA2D187E885F}"
EndProject
Global
	GlobalSection(SolutionConfigurationPlatforms) = preSolution
		Debug|Any CPU = Debug|Any CPU
		Release|Any CPU = Release|Any CPU
	EndGlobalSection
	GlobalSection(ProjectConfigurationPlatforms) = postSolution
		{70F5326C-0B01-4E35-8AE8-FA2D187E885F}.Debug|Any CPU.ActiveCfg = Debug|Any CPU
		{70F5326C-0B01-4E35-8AE8-FA2D187E885F}.Debug|Any CPU.Build.0 = Debug|Any CPU
		{70F5326C-0B01-4E35-8AE8-FA2D187E885F}.Release|Any CPU.ActiveCfg = Release|Any CPU
		{70F5326C-0B01-4E35-8AE8-FA2D187E885F}.Release|Any CPU.Build.0 = Release|Any CPU
	EndGlobalSection
	GlobalSection(SolutionProperties) = preSolution
		HideSolutionNode = FALSE
	EndGlobalSection
	GlobalSection(ExtensibilityGlobals) = postSolution
		SolutionGuid = {13C0E97D-9022-448A-9B92-AA874EF25AE1}
	EndGlobalSection
EndGlobal
